
Microsoft Visual Studio Solution File, Format Version 12.00
# Visual Studio Version 17
VisualStudioVersion = 17.10.35013.160
MinimumVisualStudioVersion = 10.0.40219.1
Project("{FAE04EC0-301F-11D3-BF4B-00C04F79EFBC}") = "ZK PANSİYON VE DİNLENME TESİSİ", "ZK PANSİYON VE DİNLENME TESİSİ\ZK PANSİYON VE DİNLENME TESİSİ.csproj", "{7E0F3E80-B4AE-4B93-8DC5-C090E40F131C}"
EndProject
Global
	GlobalSection(SolutionConfigurationPlatforms) = preSolution
		Debug|Any CPU = Debug|Any CPU
		Release|Any CPU = Release|Any CPU
	EndGlobalSection
	GlobalSection(ProjectConfigurationPlatforms) = postSolution
		{7E0F3E80-B4AE-4B93-8DC5-C090E40F131C}.Debug|Any CPU.ActiveCfg = Debug|Any CPU
		{7E0F3E80-B4AE-4B93-8DC5-C090E40F131C}.Debug|Any CPU.Build.0 = Debug|Any CPU
		{7E0F3E80-B4AE-4B93-8DC5-C090E40F131C}.Release|Any CPU.ActiveCfg = Release|Any CPU
		{7E0F3E80-B4AE-4B93-8DC5-C090E40F131C}.Release|Any CPU.Build.0 = Release|Any CPU
	EndGlobalSection
	GlobalSection(SolutionProperties) = preSolution
		HideSolutionNode = FALSE
	EndGlobalSection
	GlobalSection(ExtensibilityGlobals) = postSolution
		SolutionGuid = {00F01C15-81C1-464E-BA58-721E6FB9E68B}
	EndGlobalSection
EndGlobal
